
Microsoft Visual Studio Solution File, Format Version 12.00
# Visual Studio 15
VisualStudioVersion = 15.0.26730.12
MinimumVisualStudioVersion = 10.0.40219.1
Project("{FAE04EC0-301F-11D3-BF4B-00C04F79EFBC}") = "Temperature", "Temperature\Temperature.csproj", "{C705AC6B-4BE3-4324-AE53-87F8A672A568}"
EndProject
Global
	GlobalSection(SolutionConfigurationPlatforms) = preSolution
		Debug|Any CPU = Debug|Any CPU
		Release|Any CPU = Release|Any CPU
	EndGlobalSection
	GlobalSection(ProjectConfigurationPlatforms) = postSolution
		{C705AC6B-4BE3-4324-AE53-87F8A672A568}.Debug|Any CPU.ActiveCfg = Debug|Any CPU
		{C705AC6B-4BE3-4324-AE53-87F8A672A568}.Debug|Any CPU.Build.0 = Debug|Any CPU
		{C705AC6B-4BE3-4324-AE53-87F8A672A568}.Release|Any CPU.ActiveCfg = Release|Any CPU
		{C705AC6B-4BE3-4324-AE53-87F8A672A568}.Release|Any CPU.Build.0 = Release|Any CPU
	EndGlobalSection
	GlobalSection(SolutionProperties) = preSolution
		HideSolutionNode = FALSE
	EndGlobalSection
	GlobalSection(ExtensibilityGlobals) = postSolution
		SolutionGuid = {CFAE6368-7C11-4A50-A0E0-009A8073D6B8}
	EndGlobalSection
EndGlobal
